
Microsoft Visual Studio Solution File, Format Version 12.00
# Visual Studio Version 17
VisualStudioVersion = 17.7.34221.43
MinimumVisualStudioVersion = 10.0.40219.1
Project("{8BC9CEB8-8B4A-11D0-8D11-00A0C91BC942}") = "88_merge_sorted_array", "88_merge_sorted_array\88_merge_sorted_array.vcxproj", "{F0699BE2-73CF-488D-8CAA-FE643AA994CC}"
EndProject
Project("{8BC9CEB8-8B4A-11D0-8D11-00A0C91BC942}") = "27_remove_element", "27_remove_element\27_remove_element.vcxproj", "{2D87A67F-AF75-4B5E-8618-A6FF6C5CC9A8}"
EndProject
Project("{2150E333-8FDC-42A3-9474-1A3956D46DE8}") = "tools", "tools", "{58530282-4B15-47D5-B181-C76FBD9F20E7}"
	ProjectSection(SolutionItems) = preProject
		tools\leetcode_binary_tree_helper.h = tools\leetcode_binary_tree_helper.h
		tools\leetcode_helper.h = tools\leetcode_helper.h
	EndProjectSection
EndProject
Project("{8BC9CEB8-8B4A-11D0-8D11-00A0C91BC942}") = "26_remove_duplicates_from_sorted_array", "26_remove_duplicates_from_sorted_array\26_remove_duplicates_from_sorted_array.vcxproj", "{D3216ADA-265F-4CD3-BC18-8A741A4F235C}"
EndProject
Project("{8BC9CEB8-8B4A-11D0-8D11-00A0C91BC942}") = "122_best_time_to_buy_and_sell_stock_II", "122_best_time_to_buy_and_sell_stock_II\122_best_time_to_buy_and_sell_stock_II.vcxproj", "{CC158267-8632-49A7-A4A1-25C73EB478A5}"
EndProject
Project("{8BC9CEB8-8B4A-11D0-8D11-00A0C91BC942}") = "80_remove_duplicates_from_sorted_array_II", "80_remove_duplicates_from_sorted_array_II\80_remove_duplicates_from_sorted_array_II.vcxproj", "{E3248529-37FC-48CE-8482-32B7988F3440}"
EndProject
Project("{8BC9CEB8-8B4A-11D0-8D11-00A0C91BC942}") = "104_Maximum_Depth_of_Binary_Tree", "104_Maximum_Depth_of_Binary_Tree\104_Maximum_Depth_of_Binary_Tree.vcxproj", "{BAB133CB-2671-43FF-B9A6-5D14CDC108C4}"
EndProject
Project("{8BC9CEB8-8B4A-11D0-8D11-00A0C91BC942}") = "100_same_tree", "100_same_tree\100_same_tree.vcxproj", "{AE68E82C-6C67-431F-B7D3-9E2FEDD83FD7}"
EndProject
Global
	GlobalSection(SolutionConfigurationPlatforms) = preSolution
		Debug|x64 = Debug|x64
		Debug|x86 = Debug|x86
		Release|x64 = Release|x64
		Release|x86 = Release|x86
	EndGlobalSection
	GlobalSection(ProjectConfigurationPlatforms) = postSolution
		{F0699BE2-73CF-488D-8CAA-FE643AA994CC}.Debug|x64.ActiveCfg = Debug|x64
		{F0699BE2-73CF-488D-8CAA-FE643AA994CC}.Debug|x64.Build.0 = Debug|x64
		{F0699BE2-73CF-488D-8CAA-FE643AA994CC}.Debug|x86.ActiveCfg = Debug|Win32
		{F0699BE2-73CF-488D-8CAA-FE643AA994CC}.Debug|x86.Build.0 = Debug|Win32
		{F0699BE2-73CF-488D-8CAA-FE643AA994CC}.Release|x64.ActiveCfg = Release|x64
		{F0699BE2-73CF-488D-8CAA-FE643AA994CC}.Release|x64.Build.0 = Release|x64
		{F0699BE2-73CF-488D-8CAA-FE643AA994CC}.Release|x86.ActiveCfg = Release|Win32
		{F0699BE2-73CF-488D-8CAA-FE643AA994CC}.Release|x86.Build.0 = Release|Win32
		{2D87A67F-AF75-4B5E-8618-A6FF6C5CC9A8}.Debug|x64.ActiveCfg = Debug|x64
		{2D87A67F-AF75-4B5E-8618-A6FF6C5CC9A8}.Debug|x64.Build.0 = Debug|x64
		{2D87A67F-AF75-4B5E-8618-A6FF6C5CC9A8}.Debug|x86.ActiveCfg = Debug|Win32
		{2D87A67F-AF75-4B5E-8618-A6FF6C5CC9A8}.Debug|x86.Build.0 = Debug|Win32
		{2D87A67F-AF75-4B5E-8618-A6FF6C5CC9A8}.Release|x64.ActiveCfg = Release|x64
		{2D87A67F-AF75-4B5E-8618-A6FF6C5CC9A8}.Release|x64.Build.0 = Release|x64
		{2D87A67F-AF75-4B5E-8618-A6FF6C5CC9A8}.Release|x86.ActiveCfg = Release|Win32
		{2D87A67F-AF75-4B5E-8618-A6FF6C5CC9A8}.Release|x86.Build.0 = Release|Win32
		{D3216ADA-265F-4CD3-BC18-8A741A4F235C}.Debug|x64.ActiveCfg = Debug|x64
		{D3216ADA-265F-4CD3-BC18-8A741A4F235C}.Debug|x64.Build.0 = Debug|x64
		{D3216ADA-265F-4CD3-BC18-8A741A4F235C}.Debug|x86.ActiveCfg = Debug|Win32
		{D3216ADA-265F-4CD3-BC18-8A741A4F235C}.Debug|x86.Build.0 = Debug|Win32
		{D3216ADA-265F-4CD3-BC18-8A741A4F235C}.Release|x64.ActiveCfg = Release|x64
		{D3216ADA-265F-4CD3-BC18-8A741A4F235C}.Release|x64.Build.0 = Release|x64
		{D3216ADA-265F-4CD3-BC18-8A741A4F235C}.Release|x86.ActiveCfg = Release|Win32
		{D3216ADA-265F-4CD3-BC18-8A741A4F235C}.Release|x86.Build.0 = Release|Win32
		{CC158267-8632-49A7-A4A1-25C73EB478A5}.Debug|x64.ActiveCfg = Debug|x64
		{CC158267-8632-49A7-A4A1-25C73EB478A5}.Debug|x64.Build.0 = Debug|x64
		{CC158267-8632-49A7-A4A1-25C73EB478A5}.Debug|x86.ActiveCfg = Debug|Win32
		{CC158267-8632-49A7-A4A1-25C73EB478A5}.Debug|x86.Build.0 = Debug|Win32
		{CC158267-8632-49A7-A4A1-25C73EB478A5}.Release|x64.ActiveCfg = Release|x64
		{CC158267-8632-49A7-A4A1-25C73EB478A5}.Release|x64.Build.0 = Release|x64
		{CC158267-8632-49A7-A4A1-25C73EB478A5}.Release|x86.ActiveCfg = Release|Win32
		{CC158267-8632-49A7-A4A1-25C73EB478A5}.Release|x86.Build.0 = Release|Win32
		{E3248529-37FC-48CE-8482-32B7988F3440}.Debug|x64.ActiveCfg = Debug|x64
		{E3248529-37FC-48CE-8482-32B7988F3440}.Debug|x64.Build.0 = Debug|x64
		{E3248529-37FC-48CE-8482-32B7988F3440}.Debug|x86.ActiveCfg = Debug|Win32
		{E3248529-37FC-48CE-8482-32B7988F3440}.Debug|x86.Build.0 = Debug|Win32
		{E3248529-37FC-48CE-8482-32B7988F3440}.Release|x64.ActiveCfg = Release|x64
		{E3248529-37FC-48CE-8482-32B7988F3440}.Release|x64.Build.0 = Release|x64
		{E3248529-37FC-48CE-8482-32B7988F3440}.Release|x86.ActiveCfg = Release|Win32
		{E3248529-37FC-48CE-8482-32B7988F3440}.Release|x86.Build.0 = Release|Win32
		{BAB133CB-2671-43FF-B9A6-5D14CDC108C4}.Debug|x64.ActiveCfg = Debug|x64
		{BAB133CB-2671-43FF-B9A6-5D14CDC108C4}.Debug|x64.Build.0 = Debug|x64
		{BAB133CB-2671-43FF-B9A6-5D14CDC108C4}.Debug|x86.ActiveCfg = Debug|Win32
		{BAB133CB-2671-43FF-B9A6-5D14CDC108C4}.Debug|x86.Build.0 = Debug|Win32
		{BAB133CB-2671-43FF-B9A6-5D14CDC108C4}.Release|x64.ActiveCfg = Release|x64
		{BAB133CB-2671-43FF-B9A6-5D14CDC108C4}.Release|x64.Build.0 = Release|x64
		{BAB133CB-2671-43FF-B9A6-5D14CDC108C4}.Release|x86.ActiveCfg = Release|Win32
		{BAB133CB-2671-43FF-B9A6-5D14CDC108C4}.Release|x86.Build.0 = Release|Win32
		{AE68E82C-6C67-431F-B7D3-9E2FEDD83FD7}.Debug|x64.ActiveCfg = Debug|x64
		{AE68E82C-6C67-431F-B7D3-9E2FEDD83FD7}.Debug|x64.Build.0 = Debug|x64
		{AE68E82C-6C67-431F-B7D3-9E2FEDD83FD7}.Debug|x86.ActiveCfg = Debug|Win32
		{AE68E82C-6C67-431F-B7D3-9E2FEDD83FD7}.Debug|x86.Build.0 = Debug|Win32
		{AE68E82C-6C67-431F-B7D3-9E2FEDD83FD7}.Release|x64.ActiveCfg = Release|x64
		{AE68E82C-6C67-431F-B7D3-9E2FEDD83FD7}.Release|x64.Build.0 = Release|x64
		{AE68E82C-6C67-431F-B7D3-9E2FEDD83FD7}.Release|x86.ActiveCfg = Release|Win32
		{AE68E82C-6C67-431F-B7D3-9E2FEDD83FD7}.Release|x86.Build.0 = Release|Win32
	EndGlobalSection
	GlobalSection(SolutionProperties) = preSolution
		HideSolutionNode = FALSE
	EndGlobalSection
	GlobalSection(ExtensibilityGlobals) = postSolution
		SolutionGuid = {D09E8E09-A512-43FF-95CF-90F24A76A56F}
	EndGlobalSection
EndGlobal
